// !$*UTF8*$!
{
	archiveVersion = 1;
	classes = {
	};
	objectVersion = 77;
	objects = {

/* Begin PBXBuildFile section */
		20A0000000000000000000A0 /* BrowserActivityHost in Embed BrowserActivityHost */ = {isa = PBXBuildFile; fileRef = 20A000000000000000000032 /* BrowserActivityHost */; settings = {ATTRIBUTES = (CodeSignOnCopy, ); }; };
		A7F77D2130268A93004C47A8 /* KeyboardShortcuts in Frameworks */ = {isa = PBXBuildFile; productRef = 20A000000000000000000091 /* KeyboardShortcuts */; };
		A7F77D2130268A93004C47A9 /* iTuDomain in Frameworks */ = {isa = PBXBuildFile; productRef = 20A000000000000000000093 /* iTuDomain */; };
		A7F77D2130268A93004C47AA /* iTuNetworking in Frameworks */ = {isa = PBXBuildFile; productRef = 20A000000000000000000094 /* iTuNetworking */; };
		A7F77D2130268A93004C47AB /* iTuOffline in Frameworks */ = {isa = PBXBuildFile; productRef = 20A000000000000000000095 /* iTuOffline */; };
		A7F77D2130268A93004C7AC /* iTuSync in Frameworks */ = {isa = PBXBuildFile; productRef = 20A000000000000000000096 /* iTuSync */; };
		A7F77D2130268A93004C7AD /* iTuDesignCore in Frameworks */ = {isa = PBXBuildFile; productRef = 20A000000000000000000097 /* iTuDesignCore */; };
		A7F77D2130268A93004C7AE /* Sparkle in Frameworks */ = {isa = PBXBuildFile; productRef = 20A00000000000000000009A /* Sparkle */; };
/* End PBXBuildFile section */

/* Begin PBXContainerItemProxy section */
		20A000000000000000000010 /* PBXContainerItemProxy */ = {
			isa = PBXContainerItemProxy;
			containerPortal = 20A000000000000000000001 /* Project object */;
			proxyType = 1;
			remoteGlobalIDString = 20A000000000000000000020;
			remoteInfo = iTu;
		};
		20A000000000000000000012 /* PBXContainerItemProxy */ = {
			isa = PBXContainerItemProxy;
			containerPortal = 20A000000000000000000001 /* Project object */;
			proxyType = 1;
			remoteGlobalIDString = 20A000000000000000000022;
			remoteInfo = BrowserActivityHost;
		};
/* End PBXContainerItemProxy section */

/* Begin PBXCopyFilesBuildPhase section */
		20A000000000000000000057 /* Embed BrowserActivityHost */ = {
			isa = PBXCopyFilesBuildPhase;
			buildActionMask = 2147483647;
			dstPath = Contents/Helpers;
			dstSubfolderSpec = 1;
			files = (
				20A0000000000000000000A0 /* BrowserActivityHost in Embed BrowserActivityHost */,
			);
			name = "Embed BrowserActivityHost";
			runOnlyForDeploymentPostprocessing = 0;
		};
/* End PBXCopyFilesBuildPhase section */

/* Begin PBXFileReference section */
		20A000000000000000000030 /* iTu.app */ = {isa = PBXFileReference; explicitFileType = wrapper.application; includeInIndex = 0; path = iTu.app; sourceTree = BUILT_PRODUCTS_DIR; };
		20A000000000000000000031 /* iTuTests.xctest */ = {isa = PBXFileReference; explicitFileType = wrapper.cfbundle; includeInIndex = 0; path = iTuTests.xctest; sourceTree = BUILT_PRODUCTS_DIR; };
		20A000000000000000000032 /* BrowserActivityHost */ = {isa = PBXFileReference; explicitFileType = "compiled.mach-o.executable"; includeInIndex = 0; path = BrowserActivityHost; sourceTree = BUILT_PRODUCTS_DIR; };
/* End PBXFileReference section */

/* Begin PBXFileSystemSynchronizedRootGroup section */
		20A000000000000000000040 /* iTu */ = {
			isa = PBXFileSystemSynchronizedRootGroup;
			path = iTu;
			sourceTree = "<group>";
		};
		20A000000000000000000041 /* iTuTests */ = {
			isa = PBXFileSystemSynchronizedRootGroup;
			path = iTuTests;
			sourceTree = "<group>";
		};
		20A000000000000000000042 /* NativeHost */ = {
			isa = PBXFileSystemSynchronizedRootGroup;
			path = NativeHost;
			sourceTree = "<group>";
		};
/* End PBXFileSystemSynchronizedRootGroup section */

/* Begin PBXFrameworksBuildPhase section */
		20A000000000000000000050 /* Frameworks */ = {
			isa = PBXFrameworksBuildPhase;
			buildActionMask = 2147483647;
			files = (
				A7F77D2130268A93004C47A8 /* KeyboardShortcuts in Frameworks */,
				A7F77D2130268A93004C47A9 /* iTuDomain in Frameworks */,
				A7F77D2130268A93004C47AA /* iTuNetworking in Frameworks */,
				A7F77D2130268A93004C47AB /* iTuOffline in Frameworks */,
				A7F77D2130268A93004C7AC /* iTuSync in Frameworks */,
				A7F77D2130268A93004C7AD /* iTuDesignCore in Frameworks */,
				A7F77D2130268A93004C7AE /* Sparkle in Frameworks */,
			);
			runOnlyForDeploymentPostprocessing = 0;
		};
		20A000000000000000000051 /* Frameworks */ = {
			isa = PBXFrameworksBuildPhase;
			buildActionMask = 2147483647;
			files = (
			);
			runOnlyForDeploymentPostprocessing = 0;
		};
/* End PBXFrameworksBuildPhase section */

/* Begin PBXGroup section */
		20A000000000000000000002 = {
			isa = PBXGroup;
			children = (
				20A000000000000000000040 /* iTu */,
				20A000000000000000000041 /* iTuTests */,
				20A000000000000000000042 /* NativeHost */,
				20A000000000000000000003 /* Products */,
			);
			sourceTree = "<group>";
		};
		20A000000000000000000003 /* Products */ = {
			isa = PBXGroup;
			children = (
				20A000000000000000000030 /* iTu.app */,
				20A000000000000000000031 /* iTuTests.xctest */,
				20A000000000000000000032 /* BrowserActivityHost */,
			);
			name = Products;
			sourceTree = "<group>";
		};
/* End PBXGroup section */

/* Begin PBXNativeTarget section */
		20A000000000000000000020 /* iTu */ = {
			isa = PBXNativeTarget;
			buildConfigurationList = 20A000000000000000000070 /* Build configuration list for PBXNativeTarget "iTu" */;
			buildPhases = (
				20A000000000000000000052 /* Sources */,
				20A000000000000000000050 /* Frameworks */,
				20A000000000000000000054 /* Resources */,
				20A000000000000000000057 /* Embed BrowserActivityHost */,
			);
			buildRules = (
			);
			dependencies = (
				20A000000000000000000013 /* PBXTargetDependency */,
			);
			fileSystemSynchronizedGroups = (
				20A000000000000000000040 /* iTu */,
			);
			name = iTu;
			packageProductDependencies = (
				20A000000000000000000091 /* KeyboardShortcuts */,
				20A000000000000000000093 /* iTuDomain */,
				20A000000000000000000094 /* iTuNetworking */,
				20A000000000000000000095 /* iTuOffline */,
				20A000000000000000000096 /* iTuSync */,
				20A000000000000000000097 /* iTuDesignCore */,
				20A00000000000000000009A /* Sparkle */,
			);
			productName = iTu;
			productReference = 20A000000000000000000030 /* iTu.app */;
			productType = "com.apple.product-type.application";
		};
		20A000000000000000000021 /* iTuTests */ = {
			isa = PBXNativeTarget;
			buildConfigurationList = 20A000000000000000000071 /* Build configuration list for PBXNativeTarget "iTuTests" */;
			buildPhases = (
				20A000000000000000000053 /* Sources */,
				20A000000000000000000051 /* Frameworks */,
				20A000000000000000000055 /* Resources */,
			);
			buildRules = (
			);
			dependencies = (
				20A000000000000000000011 /* PBXTargetDependency */,
			);
			fileSystemSynchronizedGroups = (
				20A000000000000000000041 /* iTuTests */,
			);
			name = iTuTests;
			packageProductDependencies = (
			);
			productName = iTuTests;
			productReference = 20A000000000000000000031 /* iTuTests.xctest */;
			productType = "com.apple.product-type.bundle.unit-test";
		};
		20A000000000000000000022 /* BrowserActivityHost */ = {
			isa = PBXNativeTarget;
			buildConfigurationList = 20A000000000000000000073 /* Build configuration list for PBXNativeTarget "BrowserActivityHost" */;
			buildPhases = (
				20A000000000000000000056 /* Sources */,
			);
			buildRules = (
			);
			dependencies = (
			);
			fileSystemSynchronizedGroups = (
				20A000000000000000000042 /* NativeHost */,
			);
			name = BrowserActivityHost;
			packageProductDependencies = (
			);
			productName = BrowserActivityHost;
			productReference = 20A000000000000000000032 /* BrowserActivityHost */;
			productType = "com.apple.product-type.tool";
		};
/* End PBXNativeTarget section */

/* Begin PBXProject section */
		20A000000000000000000001 /* Project object */ = {
			isa = PBXProject;
			attributes = {
				BuildIndependentTargetsInParallel = 1;
				LastSwiftUpdateCheck = 2630;
				LastUpgradeCheck = 2630;
				TargetAttributes = {
					20A000000000000000000020 = {
						CreatedOnToolsVersion = 26.3;
					};
					20A000000000000000000021 = {
						CreatedOnToolsVersion = 26.3;
						TestTargetID = 20A000000000000000000020;
					};
					20A000000000000000000022 = {
						CreatedOnToolsVersion = 26.3;
					};
				};
			};
			buildConfigurationList = 20A000000000000000000072 /* Build configuration list for PBXProject "iTu" */;
			developmentRegion = en;
			hasScannedForEncodings = 0;
			knownRegions = (
				en,
				Base,
			);
			mainGroup = 20A000000000000000000002;
			minimizedProjectReferenceProxies = 1;
			packageReferences = (
				20A000000000000000000090 /* XCRemoteSwiftPackageReference "KeyboardShortcuts" */,
				20A000000000000000000092 /* XCLocalSwiftPackageReference "../apple/Packages/iTuCore" */,
				20A000000000000000000098 /* XCRemoteSwiftPackageReference "Sparkle" */,
			);
			preferredProjectObjectVersion = 77;
			productRefGroup = 20A000000000000000000003 /* Products */;
			projectDirPath = "";
			projectRoot = "";
			targets = (
				20A000000000000000000020 /* iTu */,
				20A000000000000000000021 /* iTuTests */,
				20A000000000000000000022 /* BrowserActivityHost */,
			);
		};
/* End PBXProject section */

/* Begin PBXResourcesBuildPhase section */
		20A000000000000000000054 /* Resources */ = {
			isa = PBXResourcesBuildPhase;
			buildActionMask = 2147483647;
			files = (
			);
			runOnlyForDeploymentPostprocessing = 0;
		};
		20A000000000000000000055 /* Resources */ = {
			isa = PBXResourcesBuildPhase;
			buildActionMask = 2147483647;
			files = (
			);
			runOnlyForDeploymentPostprocessing = 0;
		};
/* End PBXResourcesBuildPhase section */

/* Begin PBXSourcesBuildPhase section */
		20A000000000000000000052 /* Sources */ = {
			isa = PBXSourcesBuildPhase;
			buildActionMask = 2147483647;
			files = (
			);
			runOnlyForDeploymentPostprocessing = 0;
		};
		20A000000000000000000053 /* Sources */ = {
			isa = PBXSourcesBuildPhase;
			buildActionMask = 2147483647;
			files = (
			);
			runOnlyForDeploymentPostprocessing = 0;
		};
		20A000000000000000000056 /* Sources */ = {
			isa = PBXSourcesBuildPhase;
			buildActionMask = 2147483647;
			files = (
			);
			runOnlyForDeploymentPostprocessing = 0;
		};
/* End PBXSourcesBuildPhase section */

/* Begin PBXTargetDependency section */
		20A000000000000000000011 /* PBXTargetDependency */ = {
			isa = PBXTargetDependency;
			target = 20A000000000000000000020 /* iTu */;
			targetProxy = 20A000000000000000000010 /* PBXContainerItemProxy */;
		};
		20A000000000000000000013 /* PBXTargetDependency */ = {
			isa = PBXTargetDependency;
			target = 20A000000000000000000022 /* BrowserActivityHost */;
			targetProxy = 20A000000000000000000012 /* PBXContainerItemProxy */;
		};
/* End PBXTargetDependency section */

/* Begin XCBuildConfiguration section */
		20A000000000000000000080 /* Debug */ = {
			isa = XCBuildConfiguration;
			buildSettings = {
				ALWAYS_SEARCH_USER_PATHS = NO;
				CLANG_CXX_LANGUAGE_STANDARD = "gnu++20";
				CLANG_ENABLE_MODULES = YES;
				CLANG_ENABLE_OBJC_ARC = YES;
				CLANG_WARN_BOOL_CONVERSION = YES;
				CLANG_WARN_CONSTANT_CONVERSION = YES;
				CLANG_WARN_DOCUMENTATION_COMMENTS = YES;
				CLANG_WARN_EMPTY_BODY = YES;
				CLANG_WARN_ENUM_CONVERSION = YES;
				CLANG_WARN_INFINITE_RECURSION = YES;
				CLANG_WARN_INT_CONVERSION = YES;
				CLANG_WARN_NON_LITERAL_NULL_CONVERSION = YES;
				CLANG_WARN_OBJC_IMPLICIT_RETAIN_SELF = YES;
				CLANG_WARN_OBJC_LITERAL_CONVERSION = YES;
				CLANG_WARN_RANGE_LOOP_ANALYSIS = YES;
				CLANG_WARN_STRICT_PROTOTYPES = YES;
				CLANG_WARN_SUSPICIOUS_MOVE = YES;
				CLANG_WARN_UNREACHABLE_CODE = YES;
				COPY_PHASE_STRIP = NO;
				DEBUG_INFORMATION_FORMAT = dwarf;
				ENABLE_TESTABILITY = YES;
				ENABLE_USER_SCRIPT_SANDBOXING = YES;
				GCC_C_LANGUAGE_STANDARD = gnu17;
				GCC_NO_COMMON_BLOCKS = YES;
				GCC_OPTIMIZATION_LEVEL = 0;
				GCC_PREPROCESSOR_DEFINITIONS = (
					"DEBUG=1",
					"$(inherited)",
				);
				GCC_WARN_64_TO_32_BIT_CONVERSION = YES;
				GCC_WARN_ABOUT_RETURN_TYPE = YES_ERROR;
				GCC_WARN_UNDECLARED_SELECTOR = YES;
				GCC_WARN_UNINITIALIZED_AUTOS = YES_AGGRESSIVE;
				GCC_WARN_UNUSED_FUNCTION = YES;
				GCC_WARN_UNUSED_VARIABLE = YES;
				LOCALIZATION_PREFERS_STRING_CATALOGS = YES;
				MACOSX_DEPLOYMENT_TARGET = 15.6;
				MTL_ENABLE_DEBUG_INFO = INCLUDE_SOURCE;
				MTL_FAST_MATH = YES;
				ONLY_ACTIVE_ARCH = YES;
				SDKROOT = macosx;
				SWIFT_ACTIVE_COMPILATION_CONDITIONS = "DEBUG $(inherited)";
				SWIFT_OPTIMIZATION_LEVEL = "-Onone";
			};
			name = Debug;
		};
		20A000000000000000000081 /* Release */ = {
			isa = XCBuildConfiguration;
			buildSettings = {
				ALWAYS_SEARCH_USER_PATHS = NO;
				CLANG_CXX_LANGUAGE_STANDARD = "gnu++20";
				CLANG_ENABLE_MODULES = YES;
				CLANG_ENABLE_OBJC_ARC = YES;
				CLANG_WARN_BOOL_CONVERSION = YES;
				CLANG_WARN_CONSTANT_CONVERSION = YES;
				CLANG_WARN_DOCUMENTATION_COMMENTS = YES;
				CLANG_WARN_EMPTY_BODY = YES;
				CLANG_WARN_ENUM_CONVERSION = YES;
				CLANG_WARN_INFINITE_RECURSION = YES;
				CLANG_WARN_INT_CONVERSION = YES;
				CLANG_WARN_NON_LITERAL_NULL_CONVERSION = YES;
				CLANG_WARN_OBJC_IMPLICIT_RETAIN_SELF = YES;
				CLANG_WARN_OBJC_LITERAL_CONVERSION = YES;
				CLANG_WARN_RANGE_LOOP_ANALYSIS = YES;
				CLANG_WARN_STRICT_PROTOTYPES = YES;
				CLANG_WARN_SUSPICIOUS_MOVE = YES;
				CLANG_WARN_UNREACHABLE_CODE = YES;
				COPY_PHASE_STRIP = YES;
				DEBUG_INFORMATION_FORMAT = "dwarf-with-dsym";
				ENABLE_NS_ASSERTIONS = NO;
				ENABLE_USER_SCRIPT_SANDBOXING = YES;
				GCC_C_LANGUAGE_STANDARD = gnu17;
				GCC_NO_COMMON_BLOCKS = YES;
				GCC_WARN_64_TO_32_BIT_CONVERSION = YES;
				GCC_WARN_ABOUT_RETURN_TYPE = YES_ERROR;
				GCC_WARN_UNDECLARED_SELECTOR = YES;
				GCC_WARN_UNINITIALIZED_AUTOS = YES_AGGRESSIVE;
				GCC_WARN_UNUSED_FUNCTION = YES;
				GCC_WARN_UNUSED_VARIABLE = YES;
				LOCALIZATION_PREFERS_STRING_CATALOGS = YES;
				MACOSX_DEPLOYMENT_TARGET = 15.6;
				MTL_ENABLE_DEBUG_INFO = NO;
				MTL_FAST_MATH = YES;
				SDKROOT = macosx;
				SWIFT_COMPILATION_MODE = wholemodule;
			};
			name = Release;
		};
		20A000000000000000000082 /* Debug */ = {
			isa = XCBuildConfiguration;
			buildSettings = {
				ASSETCATALOG_COMPILER_ACCENT_COLOR_NAME = AccentColor;
				ASSETCATALOG_COMPILER_APPICON_NAME = AppIcon;
				ASSETCATALOG_COMPILER_INCLUDE_ALL_APPICON_ASSETS = NO;
				CODE_SIGN_ENTITLEMENTS = iTu/iTu.entitlements;
				CODE_SIGN_STYLE = Automatic;
				COMBINE_HIDPI_IMAGES = YES;
				CURRENT_PROJECT_VERSION = 1;
				DEVELOPMENT_TEAM = B5W4Y6RRAN;
				ENABLE_APP_SANDBOX = NO;
				ENABLE_HARDENED_RUNTIME = YES;
				GENERATE_INFOPLIST_FILE = NO;
				INFOPLIST_FILE = Info.plist;
				MACOSX_DEPLOYMENT_TARGET = 15.6;
				MARKETING_VERSION = 0.1.0;
				PRODUCT_BUNDLE_IDENTIFIER = com.itu.macos;
				PRODUCT_NAME = "$(TARGET_NAME)";
				SPARKLE_PUBLIC_ED_KEY = "";
				SWIFT_EMIT_LOC_STRINGS = YES;
				SWIFT_STRICT_CONCURRENCY = complete;
				SWIFT_VERSION = 6.0;
			};
			name = Debug;
		};
		20A000000000000000000083 /* Release */ = {
			isa = XCBuildConfiguration;
			buildSettings = {
				ASSETCATALOG_COMPILER_ACCENT_COLOR_NAME = AccentColor;
				ASSETCATALOG_COMPILER_APPICON_NAME = AppIcon;
				ASSETCATALOG_COMPILER_INCLUDE_ALL_APPICON_ASSETS = NO;
				CODE_SIGN_ENTITLEMENTS = iTu/iTu.entitlements;
				CODE_SIGN_STYLE = Automatic;
				COMBINE_HIDPI_IMAGES = YES;
				CURRENT_PROJECT_VERSION = 1;
				DEVELOPMENT_TEAM = B5W4Y6RRAN;
				ENABLE_APP_SANDBOX = NO;
				ENABLE_HARDENED_RUNTIME = YES;
				GENERATE_INFOPLIST_FILE = NO;
				INFOPLIST_FILE = Info.plist;
				MACOSX_DEPLOYMENT_TARGET = 15.6;
				MARKETING_VERSION = 0.1.0;
				PRODUCT_BUNDLE_IDENTIFIER = com.itu.macos;
				PRODUCT_NAME = "$(TARGET_NAME)";
				SPARKLE_PUBLIC_ED_KEY = "";
				SWIFT_EMIT_LOC_STRINGS = YES;
				SWIFT_STRICT_CONCURRENCY = complete;
				SWIFT_VERSION = 6.0;
			};
			name = Release;
		};
		20A000000000000000000084 /* Debug */ = {
			isa = XCBuildConfiguration;
			buildSettings = {
				BUNDLE_LOADER = "$(TEST_HOST)";
				CODE_SIGN_STYLE = Automatic;
				DEVELOPMENT_TEAM = B5W4Y6RRAN;
				GENERATE_INFOPLIST_FILE = YES;
				MACOSX_DEPLOYMENT_TARGET = 15.6;
				PRODUCT_BUNDLE_IDENTIFIER = com.itu.macos.tests;
				PRODUCT_NAME = "$(TARGET_NAME)";
				SWIFT_STRICT_CONCURRENCY = complete;
				SWIFT_VERSION = 6.0;
				TEST_HOST = "$(BUILT_PRODUCTS_DIR)/iTu.app/Contents/MacOS/iTu";
			};
			name = Debug;
		};
		20A000000000000000000085 /* Release */ = {
			isa = XCBuildConfiguration;
			buildSettings = {
				BUNDLE_LOADER = "$(TEST_HOST)";
				CODE_SIGN_STYLE = Automatic;
				DEVELOPMENT_TEAM = B5W4Y6RRAN;
				GENERATE_INFOPLIST_FILE = YES;
				MACOSX_DEPLOYMENT_TARGET = 15.6;
				PRODUCT_BUNDLE_IDENTIFIER = com.itu.macos.tests;
				PRODUCT_NAME = "$(TARGET_NAME)";
				SWIFT_STRICT_CONCURRENCY = complete;
				SWIFT_VERSION = 6.0;
				TEST_HOST = "$(BUILT_PRODUCTS_DIR)/iTu.app/Contents/MacOS/iTu";
			};
			name = Release;
		};
		20A000000000000000000086 /* Debug */ = {
			isa = XCBuildConfiguration;
			buildSettings = {
				CODE_SIGN_ENTITLEMENTS = NativeHost/NativeHost.entitlements;
				CODE_SIGN_STYLE = Automatic;
				DEVELOPMENT_TEAM = B5W4Y6RRAN;
				MACOSX_DEPLOYMENT_TARGET = 15.6;
				PRODUCT_BUNDLE_IDENTIFIER = com.itu.browser_activity;
				PRODUCT_NAME = BrowserActivityHost;
				SWIFT_STRICT_CONCURRENCY = complete;
				SWIFT_VERSION = 6.0;
			};
			name = Debug;
		};
		20A000000000000000000087 /* Release */ = {
			isa = XCBuildConfiguration;
			buildSettings = {
				CODE_SIGN_ENTITLEMENTS = NativeHost/NativeHost.entitlements;
				CODE_SIGN_STYLE = Automatic;
				DEVELOPMENT_TEAM = B5W4Y6RRAN;
				MACOSX_DEPLOYMENT_TARGET = 15.6;
				PRODUCT_BUNDLE_IDENTIFIER = com.itu.browser_activity;
				PRODUCT_NAME = BrowserActivityHost;
				SWIFT_COMPILATION_MODE = wholemodule;
				SWIFT_STRICT_CONCURRENCY = complete;
				SWIFT_VERSION = 6.0;
			};
			name = Release;
		};
/* End XCBuildConfiguration section */

/* Begin XCConfigurationList section */
		20A000000000000000000070 /* Build configuration list for PBXNativeTarget "iTu" */ = {
			isa = XCConfigurationList;
			buildConfigurations = (
				20A000000000000000000082 /* Debug */,
				20A000000000000000000083 /* Release */,
			);
			defaultConfigurationIsVisible = 0;
			defaultConfigurationName = Release;
		};
		20A000000000000000000071 /* Build configuration list for PBXNativeTarget "iTuTests" */ = {
			isa = XCConfigurationList;
			buildConfigurations = (
				20A000000000000000000084 /* Debug */,
				20A000000000000000000085 /* Release */,
			);
			defaultConfigurationIsVisible = 0;
			defaultConfigurationName = Release;
		};
		20A000000000000000000072 /* Build configuration list for PBXProject "iTu" */ = {
			isa = XCConfigurationList;
			buildConfigurations = (
				20A000000000000000000080 /* Debug */,
				20A000000000000000000081 /* Release */,
			);
			defaultConfigurationIsVisible = 0;
			defaultConfigurationName = Release;
		};
		20A000000000000000000073 /* Build configuration list for PBXNativeTarget "BrowserActivityHost" */ = {
			isa = XCConfigurationList;
			buildConfigurations = (
				20A000000000000000000086 /* Debug */,
				20A000000000000000000087 /* Release */,
			);
			defaultConfigurationIsVisible = 0;
			defaultConfigurationName = Release;
		};
/* End XCConfigurationList section */

/* Begin XCLocalSwiftPackageReference section */
		20A000000000000000000092 /* XCLocalSwiftPackageReference "../apple/Packages/iTuCore" */ = {
			isa = XCLocalSwiftPackageReference;
			relativePath = ../apple/Packages/iTuCore;
		};
/* End XCLocalSwiftPackageReference section */

/* Begin XCRemoteSwiftPackageReference section */
		20A000000000000000000090 /* XCRemoteSwiftPackageReference "KeyboardShortcuts" */ = {
			isa = XCRemoteSwiftPackageReference;
			repositoryURL = "https://github.com/sindresorhus/KeyboardShortcuts.git";
			requirement = {
				kind = upToNextMajorVersion;
				minimumVersion = 2.2.0;
			};
		};
		20A000000000000000000098 /* XCRemoteSwiftPackageReference "Sparkle" */ = {
			isa = XCRemoteSwiftPackageReference;
			repositoryURL = "https://github.com/sparkle-project/Sparkle.git";
			requirement = {
				kind = upToNextMajorVersion;
				minimumVersion = 2.9.4;
			};
		};
/* End XCRemoteSwiftPackageReference section */

/* Begin XCSwiftPackageProductDependency section */
		20A000000000000000000091 /* KeyboardShortcuts */ = {
			isa = XCSwiftPackageProductDependency;
			package = 20A000000000000000000090 /* XCRemoteSwiftPackageReference "KeyboardShortcuts" */;
			productName = KeyboardShortcuts;
		};
		20A000000000000000000093 /* iTuDomain */ = {
			isa = XCSwiftPackageProductDependency;
			package = 20A000000000000000000092 /* XCLocalSwiftPackageReference "../apple/Packages/iTuCore" */;
			productName = iTuDomain;
		};
		20A000000000000000000094 /* iTuNetworking */ = {
			isa = XCSwiftPackageProductDependency;
			package = 20A000000000000000000092 /* XCLocalSwiftPackageReference "../apple/Packages/iTuCore" */;
			productName = iTuNetworking;
		};
		20A000000000000000000095 /* iTuOffline */ = {
			isa = XCSwiftPackageProductDependency;
			package = 20A000000000000000000092 /* XCLocalSwiftPackageReference "../apple/Packages/iTuCore" */;
			productName = iTuOffline;
		};
		20A000000000000000000096 /* iTuSync */ = {
			isa = XCSwiftPackageProductDependency;
			package = 20A000000000000000000092 /* XCLocalSwiftPackageReference "../apple/Packages/iTuCore" */;
			productName = iTuSync;
		};
		20A000000000000000000097 /* iTuDesignCore */ = {
			isa = XCSwiftPackageProductDependency;
			package = 20A000000000000000000092 /* XCLocalSwiftPackageReference "../apple/Packages/iTuCore" */;
			productName = iTuDesignCore;
		};
		20A00000000000000000009A /* Sparkle */ = {
			isa = XCSwiftPackageProductDependency;
			package = 20A000000000000000000098 /* XCRemoteSwiftPackageReference "Sparkle" */;
			productName = Sparkle;
		};
/* End XCSwiftPackageProductDependency section */
	};
	rootObject = 20A000000000000000000001 /* Project object */;
}
